
Microsoft Visual Studio Solution File, Format Version 12.00
# Visual Studio Version 16
VisualStudioVersion = 16.0.32929.386
MinimumVisualStudioVersion = 10.0.40219.1
Project("{FAE04EC0-301F-11D3-BF4B-00C04F79EFBC}") = "SearchAlgoritm", "SearchAlgoritm\SearchAlgoritm.csproj", "{259FA793-D30B-4F94-9605-000C8FB16E67}"
EndProject
Global
	GlobalSection(SolutionConfigurationPlatforms) = preSolution
		Debug|Any CPU = Debug|Any CPU
		Release|Any CPU = Release|Any CPU
	EndGlobalSection
	GlobalSection(ProjectConfigurationPlatforms) = postSolution
		{259FA793-D30B-4F94-9605-000C8FB16E67}.Debug|Any CPU.ActiveCfg = Debug|Any CPU
		{259FA793-D30B-4F94-9605-000C8FB16E67}.Debug|Any CPU.Build.0 = Debug|Any CPU
		{259FA793-D30B-4F94-9605-000C8FB16E67}.Release|Any CPU.ActiveCfg = Release|Any CPU
		{259FA793-D30B-4F94-9605-000C8FB16E67}.Release|Any CPU.Build.0 = Release|Any CPU
	EndGlobalSection
	GlobalSection(SolutionProperties) = preSolution
		HideSolutionNode = FALSE
	EndGlobalSection
	GlobalSection(ExtensibilityGlobals) = postSolution
		SolutionGuid = {50C40746-7E13-48FB-AB7A-B61F4611FEDE}
	EndGlobalSection
EndGlobal
